<?xml version="1.0" encoding="utf-8"?>
<Project ToolsVersion="4.0" xmlns="http://schemas.microsoft.com/developer/msbuild/2003">
  <ItemGroup>
    <Filter Include="Source Files">
      <UniqueIdentifier>{4FC737F1-C7A5-4376-A066-2A32D752A2FF}</UniqueIdentifier>
      <Extensions>cpp;c;cc;cxx;c++;cppm;ixx;def;odl;idl;hpj;bat;asm;asmx</Extensions>
    </Filter>
    <Filter Include="Header Files">
      <UniqueIdentifier>{93995380-89BD-4b04-88EB-625FBE52EBFB}</UniqueIdentifier>
      <Extensions>h;hh;hpp;hxx;h++;hm;inl;inc;ipp;xsd</Extensions>
    </Filter>
    <Filter Include="Resource Files">
      <UniqueIdentifier>{67DA6AB6-F800-4c08-8B7A-83BB121AAD01}</UniqueIdentifier>
      <Extensions>rc;ico;cur;bmp;dlg;rc2;rct;bin;rgs;gif;jpg;jpeg;jpe;resx;tiff;tif;png;wav;mfcribbon-ms</Extensions>
    </Filter>
  </ItemGroup>
  <ItemGroup>
    <ClCompile Include="moho\sim\Sim.cpp">
      <Filter>Source Files</Filter>
    </ClCompile>
    <ClCompile Include="moho\command\ICommandSink.cpp">
      <Filter>Source Files</Filter>
    </ClCompile>
    <ClCompile Include="gpg\core\utils\BoostWrappers.cpp">
      <Filter>Source Files</Filter>
    </ClCompile>
    <ClCompile Include="moho\resource\ISimResources.cpp">
      <Filter>Source Files</Filter>
    </ClCompile>
    <ClCompile Include="moho\sim\SimDriver.cpp">
      <Filter>Source Files</Filter>
    </ClCompile>
    <ClCompile Include="moho\sim\ISTIDriver.cpp">
      <Filter>Source Files</Filter>
    </ClCompile>
    <ClCompile Include="gpg\core\random\Random.cpp">
      <Filter>Source Files</Filter>
    </ClCompile>
    <ClCompile Include="moho\resource\CSimResources.cpp">
      <Filter>Source Files</Filter>
    </ClCompile>
    <ClCompile Include="moho\sim\SimArmy.cpp">
      <Filter>Source Files</Filter>
    </ClCompile>
    <ClCompile Include="moho\sim\CArmyImpl.cpp">
      <Filter>Source Files</Filter>
    </ClCompile>
    <ClCompile Include="legacy\containers\Vector.cpp">
      <Filter>Source Files</Filter>
    </ClCompile>
    <ClCompile Include="legacy\containers\String.cpp">
      <Filter>Source Files</Filter>
    </ClCompile>
    <ClCompile Include="gpg\core\containers\Set.cpp">
      <Filter>Source Files</Filter>
    </ClCompile>
    <ClCompile Include="moho\math\Vector2f.cpp">
      <Filter>Source Files</Filter>
    </ClCompile>
    <ClCompile Include="moho\sim\STIMap.cpp">
      <Filter>Source Files</Filter>
    </ClCompile>
    <ClCompile Include="moho\sim\CArmyStats.cpp">
      <Filter>Source Files</Filter>
    </ClCompile>
    <ClCompile Include="moho\misc\StatItem.cpp">
      <Filter>Source Files</Filter>
    </ClCompile>
    <ClCompile Include="moho\misc\Stats.cpp">
      <Filter>Source Files</Filter>
    </ClCompile>
    <ClCompile Include="moho\math\Vector3f.cpp">
      <Filter>Source Files</Filter>
    </ClCompile>
    <ClCompile Include="moho\math\Vector4f.cpp">
      <Filter>Source Files</Filter>
    </ClCompile>
    <ClCompile Include="moho\net\CMessage.cpp">
      <Filter>Source Files</Filter>
    </ClCompile>
    <ClCompile Include="gpg\core\streams\Stream.cpp">
      <Filter>Source Files</Filter>
    </ClCompile>
    <ClCompile Include="moho\math\GridPos.cpp">
      <Filter>Source Files</Filter>
    </ClCompile>
    <ClCompile Include="gpg\core\utils\Global.cpp">
      <Filter>Source Files</Filter>
    </ClCompile>
    <ClCompile Include="gpg\core\containers\String.cpp">
      <Filter>Source Files</Filter>
    </ClCompile>
    <ClCompile Include="gpg\core\utils\Logging.cpp">
      <Filter>Source Files</Filter>
    </ClCompile>
    <ClCompile Include="gpg\core\reflection\Reflection.cpp">
      <Filter>Source Files</Filter>
    </ClCompile>
    <ClCompile Include="gpg\core\algorithms\Cluster.cpp">
      <Filter>Source Files</Filter>
    </ClCompile>
    <ClCompile Include="gpg\core\streams\FileStream.cpp">
      <Filter>Source Files</Filter>
    </ClCompile>
    <ClCompile Include="gpg\core\streams\MemBufferStream.cpp">
      <Filter>Source Files</Filter>
    </ClCompile>
    <ClCompile Include="moho\net\CMessageStream.cpp">
      <Filter>Source Files</Filter>
    </ClCompile>
    <ClCompile Include="moho\net\CNetClient.cpp">
      <Filter>Source Files</Filter>
    </ClCompile>
    <ClCompile Include="moho\net\CClientBase.cpp">
      <Filter>Source Files</Filter>
    </ClCompile>
    <ClCompile Include="gpg\core\streams\PipeStream.cpp">
      <Filter>Source Files</Filter>
    </ClCompile>
    <ClCompile Include="moho\ai\CAiAttackerImpl.cpp">
      <Filter>Source Files</Filter>
    </ClCompile>
    <ClCompile Include="moho\ai\CAiAttackerImplConstruct.cpp">
      <Filter>Source Files</Filter>
    </ClCompile>
    <ClCompile Include="moho\ai\CAiAttackerImplSerializer.cpp">
      <Filter>Source Files</Filter>
    </ClCompile>
    <ClCompile Include="moho\ai\CAiAttackerImplTypeInfo.cpp">
      <Filter>Source Files</Filter>
    </ClCompile>
    <ClCompile Include="moho\ai\CAiBrain.cpp">
      <Filter>Source Files</Filter>
    </ClCompile>
    <ClCompile Include="moho\ai\CAiBrainConstruct.cpp">
      <Filter>Source Files</Filter>
    </ClCompile>
    <ClCompile Include="moho\ai\CAiBrainSerializer.cpp">
      <Filter>Source Files</Filter>
    </ClCompile>
    <ClCompile Include="moho\ai\CAiBrainTypeInfo.cpp">
      <Filter>Source Files</Filter>
    </ClCompile>
    <ClCompile Include="moho\ai\CAiBuilderImpl.cpp">
      <Filter>Source Files</Filter>
    </ClCompile>
    <ClCompile Include="moho\ai\CAiBuilderImplConstruct.cpp">
      <Filter>Source Files</Filter>
    </ClCompile>
    <ClCompile Include="moho\ai\CAiBuilderImplSerializer.cpp">
      <Filter>Source Files</Filter>
    </ClCompile>
    <ClCompile Include="moho\ai\CAiBuilderImplTypeInfo.cpp">
      <Filter>Source Files</Filter>
    </ClCompile>
    <ClCompile Include="moho\ai\CAiFormationDBImpl.cpp">
      <Filter>Source Files</Filter>
    </ClCompile>
    <ClCompile Include="moho\ai\CAiFormationDBImplSerializer.cpp">
      <Filter>Source Files</Filter>
    </ClCompile>
    <ClCompile Include="moho\ai\CAiFormationDBImplTypeInfo.cpp">
      <Filter>Source Files</Filter>
    </ClCompile>
    <ClCompile Include="moho\ai\CAiFormationInstance.cpp">
      <Filter>Source Files</Filter>
    </ClCompile>
    <ClCompile Include="moho\ai\CAiFormationInstanceSerializer.cpp">
      <Filter>Source Files</Filter>
    </ClCompile>
    <ClCompile Include="moho\ai\CAiFormationInstanceTypeInfo.cpp">
      <Filter>Source Files</Filter>
    </ClCompile>
    <ClCompile Include="moho\ai\CAimManipulator.cpp">
      <Filter>Source Files</Filter>
    </ClCompile>
    <ClCompile Include="moho\ai\CAimManipulatorSerializer.cpp">
      <Filter>Source Files</Filter>
    </ClCompile>
    <ClCompile Include="moho\ai\CAimManipulatorTypeInfo.cpp">
      <Filter>Source Files</Filter>
    </ClCompile>
    <ClCompile Include="moho\ai\CAiNavigatorAir.cpp">
      <Filter>Source Files</Filter>
    </ClCompile>
    <ClCompile Include="moho\ai\CAiNavigatorAirConstruct.cpp">
      <Filter>Source Files</Filter>
    </ClCompile>
    <ClCompile Include="moho\ai\CAiNavigatorAirSerializer.cpp">
      <Filter>Source Files</Filter>
    </ClCompile>
    <ClCompile Include="moho\ai\CAiNavigatorAirTypeInfo.cpp">
      <Filter>Source Files</Filter>
    </ClCompile>
    <ClCompile Include="moho\ai\CAiNavigatorImpl.cpp">
      <Filter>Source Files</Filter>
    </ClCompile>
    <ClCompile Include="moho\ai\CAiNavigatorImplSerializer.cpp">
      <Filter>Source Files</Filter>
    </ClCompile>
    <ClCompile Include="moho\ai\CAiNavigatorImplTypeInfo.cpp">
      <Filter>Source Files</Filter>
    </ClCompile>
    <ClCompile Include="moho\ai\CAiNavigatorLand.cpp">
      <Filter>Source Files</Filter>
    </ClCompile>
    <ClCompile Include="moho\ai\CAiNavigatorLandConstruct.cpp">
      <Filter>Source Files</Filter>
    </ClCompile>
    <ClCompile Include="moho\ai\CAiNavigatorLandSerializer.cpp">
      <Filter>Source Files</Filter>
    </ClCompile>
    <ClCompile Include="moho\ai\CAiNavigatorLandTypeInfo.cpp">
      <Filter>Source Files</Filter>
    </ClCompile>
    <ClCompile Include="moho\ai\CAiPathFinder.cpp">
      <Filter>Source Files</Filter>
    </ClCompile>
    <ClCompile Include="moho\ai\CAiPathFinderSerializer.cpp">
      <Filter>Source Files</Filter>
    </ClCompile>
    <ClCompile Include="moho\ai\CAiPathFinderTypeInfo.cpp">
      <Filter>Source Files</Filter>
    </ClCompile>
    <ClCompile Include="moho\ai\CAiPathNavigator.cpp">
      <Filter>Source Files</Filter>
    </ClCompile>
    <ClCompile Include="moho\ai\CAiPathNavigatorSerializer.cpp">
      <Filter>Source Files</Filter>
    </ClCompile>
    <ClCompile Include="moho\ai\CAiPathNavigatorTypeInfo.cpp">
      <Filter>Source Files</Filter>
    </ClCompile>
    <ClCompile Include="moho\ai\CAiPersonality.cpp">
      <Filter>Source Files</Filter>
    </ClCompile>
    <ClCompile Include="moho\ai\CAiPersonalityConstruct.cpp">
      <Filter>Source Files</Filter>
    </ClCompile>
    <ClCompile Include="moho\ai\CAiPersonalitySerializer.cpp">
      <Filter>Source Files</Filter>
    </ClCompile>
    <ClCompile Include="moho\ai\CAiPersonalityTypeInfo.cpp">
      <Filter>Source Files</Filter>
    </ClCompile>
    <ClCompile Include="moho\ai\CAiReconDBImpl.cpp">
      <Filter>Source Files</Filter>
    </ClCompile>
    <ClCompile Include="moho\ai\CAiReconDBImplSerializer.cpp">
      <Filter>Source Files</Filter>
    </ClCompile>
    <ClCompile Include="moho\ai\CAiReconDBImplTypeInfo.cpp">
      <Filter>Source Files</Filter>
    </ClCompile>
    <ClCompile Include="moho\ai\CAiSiloBuildImpl.cpp">
      <Filter>Source Files</Filter>
    </ClCompile>
    <ClCompile Include="moho\ai\IAiSiloBuild.cpp">
      <Filter>Source Files</Filter>
    </ClCompile>
    <ClCompile Include="moho\ai\CAiSiloBuildImplConstruct.cpp">
      <Filter>Source Files</Filter>
    </ClCompile>
    <ClCompile Include="moho\ai\CAiSiloBuildImplSerializer.cpp">
      <Filter>Source Files</Filter>
    </ClCompile>
    <ClCompile Include="moho\ai\CAiSiloBuildImplTypeInfo.cpp">
      <Filter>Source Files</Filter>
    </ClCompile>
    <ClCompile Include="moho\ai\CAiSteeringImpl.cpp">
      <Filter>Source Files</Filter>
    </ClCompile>
    <ClCompile Include="moho\ai\CAiSteeringImplSerializer.cpp">
      <Filter>Source Files</Filter>
    </ClCompile>
    <ClCompile Include="moho\ai\CAiSteeringImplTypeInfo.cpp">
      <Filter>Source Files</Filter>
    </ClCompile>
    <ClCompile Include="moho\ai\CAiTransportImpl.cpp">
      <Filter>Source Files</Filter>
    </ClCompile>
    <ClCompile Include="moho\ai\CAiTransportImplConstruct.cpp">
      <Filter>Source Files</Filter>
    </ClCompile>
    <ClCompile Include="moho\ai\CAiTransportImplSerializer.cpp">
      <Filter>Source Files</Filter>
    </ClCompile>
    <ClCompile Include="moho\ai\CAiTransportImplTypeInfo.cpp">
      <Filter>Source Files</Filter>
    </ClCompile>
    <ClCompile Include="moho\ai\IAiAttacker.cpp">
      <Filter>Source Files</Filter>
    </ClCompile>
    <ClCompile Include="moho\ai\IAiAttackerSerializer.cpp">
      <Filter>Source Files</Filter>
    </ClCompile>
    <ClCompile Include="moho\ai\IAiAttackerTypeInfo.cpp">
      <Filter>Source Files</Filter>
    </ClCompile>
    <ClCompile Include="moho\ai\IAiBuilder.cpp">
      <Filter>Source Files</Filter>
    </ClCompile>
    <ClCompile Include="moho\ai\IAiBuilderTypeInfo.cpp">
      <Filter>Source Files</Filter>
    </ClCompile>
    <ClCompile Include="moho\ai\IAiCommandDispatch.cpp">
      <Filter>Source Files</Filter>
    </ClCompile>
    <ClCompile Include="moho\ai\IAiCommandDispatchImpl.cpp">
      <Filter>Source Files</Filter>
    </ClCompile>
    <ClCompile Include="moho\ai\IAiCommandDispatchImplConstruct.cpp">
      <Filter>Source Files</Filter>
    </ClCompile>
    <ClCompile Include="moho\ai\IAiCommandDispatchImplSerializer.cpp">
      <Filter>Source Files</Filter>
    </ClCompile>
    <ClCompile Include="moho\ai\IAiCommandDispatchImplTypeInfo.cpp">
      <Filter>Source Files</Filter>
    </ClCompile>
    <ClCompile Include="moho\ai\IAiCommandDispatchTypeInfo.cpp">
      <Filter>Source Files</Filter>
    </ClCompile>
    <ClCompile Include="moho\ai\IAiFormationDB.cpp">
      <Filter>Source Files</Filter>
    </ClCompile>
    <ClCompile Include="moho\ai\IAiFormationDBTypeInfo.cpp">
      <Filter>Source Files</Filter>
    </ClCompile>
    <ClCompile Include="moho\ai\IAiNavigator.cpp">
      <Filter>Source Files</Filter>
    </ClCompile>
    <ClCompile Include="moho\ai\IAiNavigatorSerializer.cpp">
      <Filter>Source Files</Filter>
    </ClCompile>
    <ClCompile Include="moho\ai\IAiNavigatorTypeInfo.cpp">
      <Filter>Source Files</Filter>
    </ClCompile>
    <ClCompile Include="moho\ai\IAiReconDB.cpp">
      <Filter>Source Files</Filter>
    </ClCompile>
    <ClCompile Include="moho\ai\IAiReconDBTypeInfo.cpp">
      <Filter>Source Files</Filter>
    </ClCompile>
    <ClCompile Include="moho\ai\IAiSiloBuildTypeInfo.cpp">
      <Filter>Source Files</Filter>
    </ClCompile>
    <ClCompile Include="moho\ai\IAiSteering.cpp">
      <Filter>Source Files</Filter>
    </ClCompile>
    <ClCompile Include="moho\ai\IAiSteeringTypeInfo.cpp">
      <Filter>Source Files</Filter>
    </ClCompile>
    <ClCompile Include="moho\ai\IAiTransport.cpp">
      <Filter>Source Files</Filter>
    </ClCompile>
    <ClCompile Include="moho\ai\IAiTransportSerializer.cpp">
      <Filter>Source Files</Filter>
    </ClCompile>
    <ClCompile Include="moho\ai\IAiTransportTypeInfo.cpp">
      <Filter>Source Files</Filter>
    </ClCompile>
    <ClCompile Include="moho\ai\LAiAttackerImpl.cpp">
      <Filter>Source Files</Filter>
    </ClCompile>
    <ClCompile Include="moho\ai\LAiAttackerImplSerializer.cpp">
      <Filter>Source Files</Filter>
    </ClCompile>
    <ClCompile Include="moho\ai\LAiAttackerImplTypeInfo.cpp">
      <Filter>Source Files</Filter>
    </ClCompile>
    <ClCompile Include="moho\unit\core\IUnit.cpp">
      <Filter>Source Files</Filter>
    </ClCompile>
    <ClCompile Include="moho\unit\core\UserUnit.cpp">
      <Filter>Source Files</Filter>
    </ClCompile>
    <ClCompile Include="moho\unit\core\Unit.cpp">
      <Filter>Source Files</Filter>
    </ClCompile>
    <ClCompile Include="gpg\core\time\Timer.cpp">
      <Filter>Source Files</Filter>
    </ClCompile>
    <ClCompile Include="moho\net\CNetUDPConnector.cpp">
      <Filter>Source Files</Filter>
    </ClCompile>
    <ClCompile Include="moho\net\INetConnector.cpp">
      <Filter>Source Files</Filter>
    </ClCompile>
    <ClCompile Include="moho\net\INetNATTraversalProvider.cpp">
      <Filter>Source Files</Filter>
    </ClCompile>
    <ClCompile Include="moho\net\INetNATTraversalHandler.cpp">
      <Filter>Source Files</Filter>
    </ClCompile>
    <ClCompile Include="moho\net\CNetUDPConnection.cpp">
      <Filter>Source Files</Filter>
    </ClCompile>
    <ClCompile Include="moho\net\General.cpp">
      <Filter>Source Files</Filter>
    </ClCompile>
    <ClCompile Include="gpg\core\streams\ZLibOutputFilterStream.cpp">
      <Filter>Source Files</Filter>
    </ClCompile>
    <ClCompile Include="gpg\core\algorithms\MD5.cpp">
      <Filter>Source Files</Filter>
    </ClCompile>
    <ClCompile Include="moho\vision\VisionDB.cpp">
      <Filter>Source Files</Filter>
    </ClCompile>
    <ClCompile Include="moho\net\SNetPacket.cpp">
      <Filter>Source Files</Filter>
    </ClCompile>
    <ClCompile Include="moho\net\IMessageReceiver.cpp">
      <Filter>Source Files</Filter>
    </ClCompile>
  </ItemGroup>
  <ItemGroup>
    <ClInclude Include="moho\sim\Sim.h">
      <Filter>Header Files</Filter>
    </ClInclude>
    <ClInclude Include="moho\command\ICommandSink.h">
      <Filter>Header Files</Filter>
    </ClInclude>
    <ClInclude Include="gpg\core\utils\BoostWrappers.h">
      <Filter>Header Files</Filter>
    </ClInclude>
    <ClInclude Include="moho\resource\ISimResources.h">
      <Filter>Header Files</Filter>
    </ClInclude>
    <ClInclude Include="moho\sim\SimDriver.h">
      <Filter>Header Files</Filter>
    </ClInclude>
    <ClInclude Include="moho\sim\ISTIDriver.h">
      <Filter>Header Files</Filter>
    </ClInclude>
    <ClInclude Include="gpg\core\random\Random.h">
      <Filter>Header Files</Filter>
    </ClInclude>
    <ClInclude Include="util\VTCall.h">
      <Filter>Header Files</Filter>
    </ClInclude>
    <ClInclude Include="platform\Platform.h">
      <Filter>Header Files</Filter>
    </ClInclude>
    <ClInclude Include="moho\resource\CSimResources.h">
      <Filter>Header Files</Filter>
    </ClInclude>
    <ClInclude Include="moho\resource\IResources.h">
      <Filter>Header Files</Filter>
    </ClInclude>
    <ClInclude Include="gpg\core\utils\BoostUtils.h">
      <Filter>Header Files</Filter>
    </ClInclude>
    <ClInclude Include="moho\resource\ResourceDeposit.h">
      <Filter>Header Files</Filter>
    </ClInclude>
    <ClInclude Include="util\Build.h">
      <Filter>Header Files</Filter>
    </ClInclude>
    <ClInclude Include="moho\sim\SimArmy.h">
      <Filter>Header Files</Filter>
    </ClInclude>
    <ClInclude Include="moho\sim\IArmy.h">
      <Filter>Header Files</Filter>
    </ClInclude>
    <ClInclude Include="moho\sim\CArmyImpl.h">
      <Filter>Header Files</Filter>
    </ClInclude>
    <ClInclude Include="legacy\containers\Vector.h">
      <Filter>Header Files</Filter>
    </ClInclude>
    <ClInclude Include="legacy\containers\String.h">
      <Filter>Header Files</Filter>
    </ClInclude>
    <ClInclude Include="gpg\core\containers\Set.h">
      <Filter>Header Files</Filter>
    </ClInclude>
    <ClInclude Include="moho\math\Vector2f.h">
      <Filter>Header Files</Filter>
    </ClInclude>
    <ClInclude Include="moho\sim\STIMap.h">
      <Filter>Header Files</Filter>
    </ClInclude>
    <ClInclude Include="moho\sim\CArmyStats.h">
      <Filter>Header Files</Filter>
    </ClInclude>
    <ClInclude Include="moho\misc\StatItem.h">
      <Filter>Header Files</Filter>
    </ClInclude>
    <ClInclude Include="moho\misc\TDatTreeItem.h">
      <Filter>Header Files</Filter>
    </ClInclude>
    <ClInclude Include="gpg\core\utils\Sync.h">
      <Filter>Header Files</Filter>
    </ClInclude>
    <ClInclude Include="moho\misc\Stats.h">
      <Filter>Header Files</Filter>
    </ClInclude>
    <ClInclude Include="gpg\core\containers\IntrusiveRbTree.h">
      <Filter>Header Files</Filter>
    </ClInclude>
    <ClInclude Include="moho\misc\WeakObject.h">
      <Filter>Header Files</Filter>
    </ClInclude>
    <ClInclude Include="moho\entity\Entity.h">
      <Filter>Header Files</Filter>
    </ClInclude>
    <ClInclude Include="moho\task\CTask.h">
      <Filter>Header Files</Filter>
    </ClInclude>
    <ClInclude Include="moho\script\CScriptObject.h">
      <Filter>Header Files</Filter>
    </ClInclude>
    <ClInclude Include="lua\LuaObject.h">
      <Filter>Header Files</Filter>
    </ClInclude>
    <ClInclude Include="lua\LuaState.h">
      <Filter>Header Files</Filter>
    </ClInclude>
    <ClInclude Include="lua\LuaDebug.h">
      <Filter>Header Files</Filter>
    </ClInclude>
    <ClInclude Include="moho\misc\InstanceCounter.h">
      <Filter>Header Files</Filter>
    </ClInclude>
    <ClInclude Include="moho\math\Vector3f.h">
      <Filter>Header Files</Filter>
    </ClInclude>
    <ClInclude Include="moho\math\Vector4f.h">
      <Filter>Header Files</Filter>
    </ClInclude>
    <ClInclude Include="moho\math\Angle.h">
      <Filter>Header Files</Filter>
    </ClInclude>
    <ClInclude Include="util\Debug.h">
      <Filter>Header Files</Filter>
    </ClInclude>
    <ClInclude Include="moho\misc\TypeInfo.h">
      <Filter>Header Files</Filter>
    </ClInclude>
    <ClInclude Include="moho\collision\CColPrimitiveBase.h">
      <Filter>Header Files</Filter>
    </ClInclude>
    <ClInclude Include="moho\collision\AABB.h">
      <Filter>Header Files</Filter>
    </ClInclude>
    <ClInclude Include="wm3\Box3.h">
      <Filter>Header Files</Filter>
    </ClInclude>
    <ClInclude Include="wm3\Mat34.h">
      <Filter>Header Files</Filter>
    </ClInclude>
    <ClInclude Include="wm3\Vector3.h">
      <Filter>Header Files</Filter>
    </ClInclude>
    <ClInclude Include="wm3\AABB.h">
      <Filter>Header Files</Filter>
    </ClInclude>
    <ClInclude Include="moho\resource\RScmResource.h">
      <Filter>Header Files</Filter>
    </ClInclude>
    <ClInclude Include="moho\ai\IAiSiloBuild.h">
      <Filter>Header Files</Filter>
    </ClInclude>
    <ClInclude Include="moho\ai\CAiSiloBuildImpl.h">
      <Filter>Header Files</Filter>
    </ClInclude>
    <ClInclude Include="gpg\core\containers\IntrusiveLink.h">
      <Filter>Header Files</Filter>
    </ClInclude>
    <ClInclude Include="moho\entity\UserEntity.h">
      <Filter>Header Files</Filter>
    </ClInclude>
    <ClInclude Include="moho\sim\ISessionListener.h">
      <Filter>Header Files</Filter>
    </ClInclude>
    <ClInclude Include="moho\sim\IdleUnitSelector.h">
      <Filter>Header Files</Filter>
    </ClInclude>
    <ClInclude Include="moho\sim\PauseListener.h">
      <Filter>Header Files</Filter>
    </ClInclude>
    <ClInclude Include="moho\sim\SelectionListener.h">
      <Filter>Header Files</Filter>
    </ClInclude>
    <ClInclude Include="moho\sim\CWldSession.h">
      <Filter>Header Files</Filter>
    </ClInclude>
    <ClInclude Include="moho\misc\VisionDb.h">
      <Filter>Header Files</Filter>
    </ClInclude>
    <ClInclude Include="moho\net\INetConnector.h">
      <Filter>Header Files</Filter>
    </ClInclude>
    <ClInclude Include="moho\net\INetNATTraversalHandler.h">
      <Filter>Header Files</Filter>
    </ClInclude>
    <ClInclude Include="moho\net\CNetUDPConnection.h">
      <Filter>Header Files</Filter>
    </ClInclude>
    <ClInclude Include="moho\net\INetConnection.h">
      <Filter>Header Files</Filter>
    </ClInclude>
    <ClInclude Include="moho\net\CNetUDPConnector.h">
      <Filter>Header Files</Filter>
    </ClInclude>
    <ClInclude Include="gpg\core\containers\DListItem.h">
      <Filter>Header Files</Filter>
    </ClInclude>
    <ClInclude Include="moho\misc\TDatList.h">
      <Filter>Header Files</Filter>
    </ClInclude>
    <ClInclude Include="moho\net\IMessageReceiver.h">
      <Filter>Header Files</Filter>
    </ClInclude>
    <ClInclude Include="moho\net\CMessage.h">
      <Filter>Header Files</Filter>
    </ClInclude>
    <ClInclude Include="gpg\core\streams\Stream.h">
      <Filter>Header Files</Filter>
    </ClInclude>
    <ClInclude Include="gpg\core\containers\FastVector.h">
      <Filter>Header Files</Filter>
    </ClInclude>
    <ClInclude Include="gpg\core\containers\Rect2.h">
      <Filter>Header Files</Filter>
    </ClInclude>
    <ClInclude Include="wm3\Vector2.h">
      <Filter>Header Files</Filter>
    </ClInclude>
    <ClInclude Include="moho\math\GridPos.h">
      <Filter>Header Files</Filter>
    </ClInclude>
    <ClInclude Include="moho\ai\CAiAttackerImpl.h">
      <Filter>Header Files</Filter>
    </ClInclude>
    <ClInclude Include="moho\ai\CAiBrain.h">
      <Filter>Header Files</Filter>
    </ClInclude>
    <ClInclude Include="gpg\core\containers\WriteArchive.h">
      <Filter>Header Files</Filter>
    </ClInclude>
    <ClInclude Include="gpg\core\containers\ReadArchive.h">
      <Filter>Header Files</Filter>
    </ClInclude>
    <ClInclude Include="gpg\core\utils\Global.h">
      <Filter>Header Files</Filter>
    </ClInclude>
    <ClInclude Include="gpg\core\containers\String.h">
      <Filter>Header Files</Filter>
    </ClInclude>
    <ClInclude Include="gpg\core\utils\Logging.h">
      <Filter>Header Files</Filter>
    </ClInclude>
    <ClInclude Include="gpg\core\utils\Tss.h">
      <Filter>Header Files</Filter>
    </ClInclude>
    <ClInclude Include="gpg\core\reflection\Reflection.h">
      <Filter>Header Files</Filter>
    </ClInclude>
    <ClInclude Include="gpg\core\algorithms\Cluster.h">
      <Filter>Header Files</Filter>
    </ClInclude>
    <ClInclude Include="gpg\core\streams\FileStream.h">
      <Filter>Header Files</Filter>
    </ClInclude>
    <ClInclude Include="gpg\core\streams\MemBufferStream.h">
      <Filter>Header Files</Filter>
    </ClInclude>
    <ClInclude Include="moho\net\CMessageStream.h">
      <Filter>Header Files</Filter>
    </ClInclude>
    <ClInclude Include="moho\net\CNetClient.h">
      <Filter>Header Files</Filter>
    </ClInclude>
    <ClInclude Include="moho\net\IClient.h">
      <Filter>Header Files</Filter>
    </ClInclude>
    <ClInclude Include="moho\net\CClientBase.h">
      <Filter>Header Files</Filter>
    </ClInclude>
    <ClInclude Include="gpg\gal\Class.hpp">
      <Filter>Header Files</Filter>
    </ClInclude>
    <ClInclude Include="gpg\gal\CubeRenderTarget.hpp">
      <Filter>Header Files</Filter>
    </ClInclude>
    <ClInclude Include="gpg\gal\CubeRenderTargetContext.hpp">
      <Filter>Header Files</Filter>
    </ClInclude>
    <ClInclude Include="gpg\gal\CursorContext.hpp">
      <Filter>Header Files</Filter>
    </ClInclude>
    <ClInclude Include="gpg\gal\DepthStencilTarget.hpp">
      <Filter>Header Files</Filter>
    </ClInclude>
    <ClInclude Include="gpg\gal\DepthStencilTargetContext.hpp">
      <Filter>Header Files</Filter>
    </ClInclude>
    <ClInclude Include="gpg\gal\Device.hpp">
      <Filter>Header Files</Filter>
    </ClInclude>
    <ClInclude Include="gpg\gal\DeviceContext.hpp">
      <Filter>Header Files</Filter>
    </ClInclude>
    <ClInclude Include="gpg\gal\DrawContext.hpp">
      <Filter>Header Files</Filter>
    </ClInclude>
    <ClInclude Include="gpg\gal\DrawIndexedContext.hpp">
      <Filter>Header Files</Filter>
    </ClInclude>
    <ClInclude Include="gpg\gal\Effect.hpp">
      <Filter>Header Files</Filter>
    </ClInclude>
    <ClInclude Include="gpg\gal\EffectContext.hpp">
      <Filter>Header Files</Filter>
    </ClInclude>
    <ClInclude Include="gpg\gal\EffectMacro.hpp">
      <Filter>Header Files</Filter>
    </ClInclude>
    <ClInclude Include="gpg\gal\EffectTechnique.hpp">
      <Filter>Header Files</Filter>
    </ClInclude>
    <ClInclude Include="gpg\gal\EffectVariable.hpp">
      <Filter>Header Files</Filter>
    </ClInclude>
    <ClInclude Include="gpg\gal\Error.hpp">
      <Filter>Header Files</Filter>
    </ClInclude>
    <ClInclude Include="gpg\gal\Head.hpp">
      <Filter>Header Files</Filter>
    </ClInclude>
    <ClInclude Include="gpg\gal\IndexBuffer.hpp">
      <Filter>Header Files</Filter>
    </ClInclude>
    <ClInclude Include="gpg\gal\IndexBufferContext.hpp">
      <Filter>Header Files</Filter>
    </ClInclude>
    <ClInclude Include="gpg\gal\OutputContext.hpp">
      <Filter>Header Files</Filter>
    </ClInclude>
    <ClInclude Include="gpg\gal\PipelineState.hpp">
      <Filter>Header Files</Filter>
    </ClInclude>
    <ClInclude Include="gpg\gal\RenderTarget.hpp">
      <Filter>Header Files</Filter>
    </ClInclude>
    <ClInclude Include="gpg\gal\RenderTargetContext.hpp">
      <Filter>Header Files</Filter>
    </ClInclude>
    <ClInclude Include="gpg\gal\StateCache_D3DRENDERSTATETYPE.hpp">
      <Filter>Header Files</Filter>
    </ClInclude>
    <ClInclude Include="gpg\gal\StateCache_D3DSAMPLERSTATETYPE.hpp">
      <Filter>Header Files</Filter>
    </ClInclude>
    <ClInclude Include="gpg\gal\StateCache_D3DTEXTURESTAGESTATETYPE.hpp">
      <Filter>Header Files</Filter>
    </ClInclude>
    <ClInclude Include="gpg\gal\Texture.hpp">
      <Filter>Header Files</Filter>
    </ClInclude>
    <ClInclude Include="gpg\gal\TextureContext.hpp">
      <Filter>Header Files</Filter>
    </ClInclude>
    <ClInclude Include="gpg\gal\VertexBuffer.hpp">
      <Filter>Header Files</Filter>
    </ClInclude>
    <ClInclude Include="gpg\gal\VertexBufferContext.hpp">
      <Filter>Header Files</Filter>
    </ClInclude>
    <ClInclude Include="gpg\gal\VertexFormat.hpp">
      <Filter>Header Files</Filter>
    </ClInclude>
    <ClInclude Include="gpg\gal\backends\d3d9\AdapterD3D9.hpp">
      <Filter>Header Files</Filter>
    </ClInclude>
    <ClInclude Include="gpg\gal\backends\d3d9\AdapterModeD3D9.hpp">
      <Filter>Header Files</Filter>
    </ClInclude>
    <ClInclude Include="gpg\gal\backends\d3d9\CubeRenderTargetD3D9.hpp">
      <Filter>Header Files</Filter>
    </ClInclude>
    <ClInclude Include="gpg\gal\backends\d3d9\DepthStencilTargetD3D9.hpp">
      <Filter>Header Files</Filter>
    </ClInclude>
    <ClInclude Include="gpg\gal\backends\d3d9\DeviceD3D9.hpp">
      <Filter>Header Files</Filter>
    </ClInclude>
    <ClInclude Include="gpg\gal\backends\d3d9\EffectD3D9.hpp">
      <Filter>Header Files</Filter>
    </ClInclude>
    <ClInclude Include="gpg\gal\backends\d3d9\EffectTechniqueD3D9.hpp">
      <Filter>Header Files</Filter>
    </ClInclude>
    <ClInclude Include="gpg\gal\backends\d3d9\EffectVariableD3D9.hpp">
      <Filter>Header Files</Filter>
    </ClInclude>
    <ClInclude Include="gpg\gal\backends\d3d9\Float16HardwareVertexFormatterD3D9.hpp">
      <Filter>Header Files</Filter>
    </ClInclude>
    <ClInclude Include="gpg\gal\backends\d3d9\HardwareVertexFormatterD3D9.hpp">
      <Filter>Header Files</Filter>
    </ClInclude>
    <ClInclude Include="gpg\gal\backends\d3d9\IndexBufferD3D9.hpp">
      <Filter>Header Files</Filter>
    </ClInclude>
    <ClInclude Include="gpg\gal\backends\d3d9\PipelineStateD3D9.hpp">
      <Filter>Header Files</Filter>
    </ClInclude>
    <ClInclude Include="gpg\gal\backends\d3d9\RenderTargetD3D9.hpp">
      <Filter>Header Files</Filter>
    </ClInclude>
    <ClInclude Include="gpg\gal\backends\d3d9\StateManagerD3D9.hpp">
      <Filter>Header Files</Filter>
    </ClInclude>
    <ClInclude Include="gpg\gal\backends\d3d9\TextureD3D9.hpp">
      <Filter>Header Files</Filter>
    </ClInclude>
    <ClInclude Include="gpg\gal\backends\d3d9\VertexBufferD3D9.hpp">
      <Filter>Header Files</Filter>
    </ClInclude>
    <ClInclude Include="gpg\gal\backends\d3d9\VertexFormatD3D9.hpp">
      <Filter>Header Files</Filter>
    </ClInclude>
    <ClInclude Include="gpg\gal\backends\d3d10\AdapterD3D10.hpp">
      <Filter>Header Files</Filter>
    </ClInclude>
    <ClInclude Include="gpg\gal\backends\d3d10\CubeRenderTargetD3D10.hpp">
      <Filter>Header Files</Filter>
    </ClInclude>
    <ClInclude Include="gpg\gal\backends\d3d10\CursorD3D10.hpp">
      <Filter>Header Files</Filter>
    </ClInclude>
    <ClInclude Include="gpg\gal\backends\d3d10\DepthStencilTargetD3D10.hpp">
      <Filter>Header Files</Filter>
    </ClInclude>
    <ClInclude Include="gpg\gal\backends\d3d10\DeviceD3D10.hpp">
      <Filter>Header Files</Filter>
    </ClInclude>
    <ClInclude Include="gpg\gal\backends\d3d10\EffectD3D10.hpp">
      <Filter>Header Files</Filter>
    </ClInclude>
    <ClInclude Include="gpg\gal\backends\d3d10\EffectTechniqueD3D10.hpp">
      <Filter>Header Files</Filter>
    </ClInclude>
    <ClInclude Include="gpg\gal\backends\d3d10\EffectVariableD3D10.hpp">
      <Filter>Header Files</Filter>
    </ClInclude>
    <ClInclude Include="gpg\gal\backends\d3d10\Float16HardwareVertexFormatterD3D10.hpp">
      <Filter>Header Files</Filter>
    </ClInclude>
    <ClInclude Include="gpg\gal\backends\d3d10\HardwareVertexFormatterD3D10.hpp">
      <Filter>Header Files</Filter>
    </ClInclude>
    <ClInclude Include="gpg\gal\backends\d3d10\IndexBufferD3D10.hpp">
      <Filter>Header Files</Filter>
    </ClInclude>
    <ClInclude Include="gpg\gal\backends\d3d10\PipelineStateD3D10.hpp">
      <Filter>Header Files</Filter>
    </ClInclude>
    <ClInclude Include="gpg\gal\backends\d3d10\RenderTargetD3D10.hpp">
      <Filter>Header Files</Filter>
    </ClInclude>
    <ClInclude Include="gpg\gal\backends\d3d10\TextureD3D10.hpp">
      <Filter>Header Files</Filter>
    </ClInclude>
    <ClInclude Include="gpg\gal\backends\d3d10\VertexBufferD3D10.hpp">
      <Filter>Header Files</Filter>
    </ClInclude>
    <ClInclude Include="gpg\gal\backends\d3d10\VertexFormatD3D10.hpp">
      <Filter>Header Files</Filter>
    </ClInclude>
    <ClInclude Include="gpg\gal\StateCache.h">
      <Filter>Header Files</Filter>
    </ClInclude>
    <ClInclude Include="gpg\core\containers\ByteSpan.h">
      <Filter>Header Files</Filter>
    </ClInclude>
    <ClInclude Include="moho\net\CClientManagerImpl.h">
      <Filter>Header Files</Filter>
    </ClInclude>
    <ClInclude Include="moho\sim\SSyncFilter.h">
      <Filter>Header Files</Filter>
    </ClInclude>
    <ClInclude Include="moho\render\camera\GeomCamera3.h">
      <Filter>Header Files</Filter>
    </ClInclude>
    <ClInclude Include="moho\render\camera\VTransform.h">
      <Filter>Header Files</Filter>
    </ClInclude>
    <ClInclude Include="wm3\Quaternion.h">
      <Filter>Header Files</Filter>
    </ClInclude>
    <ClInclude Include="moho\math\VMatrix4.h">
      <Filter>Header Files</Filter>
    </ClInclude>
    <ClInclude Include="gpg\gal\Matrix.h">
      <Filter>Header Files</Filter>
    </ClInclude>
    <ClInclude Include="moho\collision\CGeomSolid3.h">
      <Filter>Header Files</Filter>
    </ClInclude>
    <ClInclude Include="wm3\Plane3.h">
      <Filter>Header Files</Filter>
    </ClInclude>
    <ClInclude Include="gpg\gal\D3D9Utils.h">
      <Filter>Header Files</Filter>
    </ClInclude>
    <ClInclude Include="legacy\containers\Tree.h">
      <Filter>Header Files</Filter>
    </ClInclude>
    <ClInclude Include="gpg\core\streams\PipeStream.h">
      <Filter>Header Files</Filter>
    </ClInclude>
    <ClInclude Include="boost\mutex.h">
      <Filter>Header Files</Filter>
    </ClInclude>
    <ClInclude Include="boost\condition.h">
      <Filter>Header Files</Filter>
    </ClInclude>
    <ClInclude Include="boost\xtime.h">
      <Filter>Header Files</Filter>
    </ClInclude>
    <ClInclude Include="gpg\core\containers\DList.h">
      <Filter>Header Files</Filter>
    </ClInclude>
    <ClInclude Include="moho\ai\CAiAttackerImplConstruct.h">
      <Filter>Header Files</Filter>
    </ClInclude>
    <ClInclude Include="moho\ai\CAiAttackerImplSerializer.h">
      <Filter>Header Files</Filter>
    </ClInclude>
    <ClInclude Include="moho\ai\CAiAttackerImplTypeInfo.h">
      <Filter>Header Files</Filter>
    </ClInclude>
    <ClInclude Include="moho\ai\CAiBrainConstruct.h">
      <Filter>Header Files</Filter>
    </ClInclude>
    <ClInclude Include="moho\ai\CAiBrainSerializer.h">
      <Filter>Header Files</Filter>
    </ClInclude>
    <ClInclude Include="moho\ai\CAiBrainTypeInfo.h">
      <Filter>Header Files</Filter>
    </ClInclude>
    <ClInclude Include="moho\ai\CAiBuilderImpl.h">
      <Filter>Header Files</Filter>
    </ClInclude>
    <ClInclude Include="moho\ai\CAiBuilderImplConstruct.h">
      <Filter>Header Files</Filter>
    </ClInclude>
    <ClInclude Include="moho\ai\CAiBuilderImplSerializer.h">
      <Filter>Header Files</Filter>
    </ClInclude>
    <ClInclude Include="moho\ai\CAiBuilderImplTypeInfo.h">
      <Filter>Header Files</Filter>
    </ClInclude>
    <ClInclude Include="moho\ai\CAiFormationDBImpl.h">
      <Filter>Header Files</Filter>
    </ClInclude>
    <ClInclude Include="moho\ai\CAiFormationDBImplSerializer.h">
      <Filter>Header Files</Filter>
    </ClInclude>
    <ClInclude Include="moho\ai\CAiFormationDBImplTypeInfo.h">
      <Filter>Header Files</Filter>
    </ClInclude>
    <ClInclude Include="moho\ai\CAiFormationInstance.h">
      <Filter>Header Files</Filter>
    </ClInclude>
    <ClInclude Include="moho\ai\CAiFormationInstanceSerializer.h">
      <Filter>Header Files</Filter>
    </ClInclude>
    <ClInclude Include="moho\ai\CAiFormationInstanceTypeInfo.h">
      <Filter>Header Files</Filter>
    </ClInclude>
    <ClInclude Include="moho\ai\CAimManipulator.h">
      <Filter>Header Files</Filter>
    </ClInclude>
    <ClInclude Include="moho\ai\CAimManipulatorSerializer.h">
      <Filter>Header Files</Filter>
    </ClInclude>
    <ClInclude Include="moho\ai\CAimManipulatorTypeInfo.h">
      <Filter>Header Files</Filter>
    </ClInclude>
    <ClInclude Include="moho\ai\CAiNavigatorAir.h">
      <Filter>Header Files</Filter>
    </ClInclude>
    <ClInclude Include="moho\ai\CAiNavigatorAirConstruct.h">
      <Filter>Header Files</Filter>
    </ClInclude>
    <ClInclude Include="moho\ai\CAiNavigatorAirSerializer.h">
      <Filter>Header Files</Filter>
    </ClInclude>
    <ClInclude Include="moho\ai\CAiNavigatorAirTypeInfo.h">
      <Filter>Header Files</Filter>
    </ClInclude>
    <ClInclude Include="moho\ai\CAiNavigatorImpl.h">
      <Filter>Header Files</Filter>
    </ClInclude>
    <ClInclude Include="moho\ai\CAiNavigatorImplSerializer.h">
      <Filter>Header Files</Filter>
    </ClInclude>
    <ClInclude Include="moho\ai\CAiNavigatorImplTypeInfo.h">
      <Filter>Header Files</Filter>
    </ClInclude>
    <ClInclude Include="moho\ai\CAiNavigatorLand.h">
      <Filter>Header Files</Filter>
    </ClInclude>
    <ClInclude Include="moho\ai\CAiNavigatorLandConstruct.h">
      <Filter>Header Files</Filter>
    </ClInclude>
    <ClInclude Include="moho\ai\CAiNavigatorLandSerializer.h">
      <Filter>Header Files</Filter>
    </ClInclude>
    <ClInclude Include="moho\ai\CAiNavigatorLandTypeInfo.h">
      <Filter>Header Files</Filter>
    </ClInclude>
    <ClInclude Include="moho\ai\CAiPathFinder.h">
      <Filter>Header Files</Filter>
    </ClInclude>
    <ClInclude Include="moho\ai\CAiPathFinderSerializer.h">
      <Filter>Header Files</Filter>
    </ClInclude>
    <ClInclude Include="moho\ai\CAiPathFinderTypeInfo.h">
      <Filter>Header Files</Filter>
    </ClInclude>
    <ClInclude Include="moho\ai\CAiPathNavigator.h">
      <Filter>Header Files</Filter>
    </ClInclude>
    <ClInclude Include="moho\ai\CAiPathNavigatorSerializer.h">
      <Filter>Header Files</Filter>
    </ClInclude>
    <ClInclude Include="moho\ai\CAiPathNavigatorTypeInfo.h">
      <Filter>Header Files</Filter>
    </ClInclude>
    <ClInclude Include="moho\ai\CAiPersonality.h">
      <Filter>Header Files</Filter>
    </ClInclude>
    <ClInclude Include="moho\ai\CAiPersonalityConstruct.h">
      <Filter>Header Files</Filter>
    </ClInclude>
    <ClInclude Include="moho\ai\CAiPersonalitySerializer.h">
      <Filter>Header Files</Filter>
    </ClInclude>
    <ClInclude Include="moho\ai\CAiPersonalityTypeInfo.h">
      <Filter>Header Files</Filter>
    </ClInclude>
    <ClInclude Include="moho\ai\CAiReconDBImpl.h">
      <Filter>Header Files</Filter>
    </ClInclude>
    <ClInclude Include="moho\ai\CAiReconDBImplSerializer.h">
      <Filter>Header Files</Filter>
    </ClInclude>
    <ClInclude Include="moho\ai\CAiReconDBImplTypeInfo.h">
      <Filter>Header Files</Filter>
    </ClInclude>
    <ClInclude Include="moho\ai\CAiSiloBuildImplConstruct.h">
      <Filter>Header Files</Filter>
    </ClInclude>
    <ClInclude Include="moho\ai\CAiSiloBuildImplSerializer.h">
      <Filter>Header Files</Filter>
    </ClInclude>
    <ClInclude Include="moho\ai\CAiSiloBuildImplTypeInfo.h">
      <Filter>Header Files</Filter>
    </ClInclude>
    <ClInclude Include="moho\ai\CAiSteeringImpl.h">
      <Filter>Header Files</Filter>
    </ClInclude>
    <ClInclude Include="moho\ai\CAiSteeringImplSerializer.h">
      <Filter>Header Files</Filter>
    </ClInclude>
    <ClInclude Include="moho\ai\CAiSteeringImplTypeInfo.h">
      <Filter>Header Files</Filter>
    </ClInclude>
    <ClInclude Include="moho\ai\CAiTransportImpl.h">
      <Filter>Header Files</Filter>
    </ClInclude>
    <ClInclude Include="moho\ai\CAiTransportImplConstruct.h">
      <Filter>Header Files</Filter>
    </ClInclude>
    <ClInclude Include="moho\ai\CAiTransportImplSerializer.h">
      <Filter>Header Files</Filter>
    </ClInclude>
    <ClInclude Include="moho\ai\CAiTransportImplTypeInfo.h">
      <Filter>Header Files</Filter>
    </ClInclude>
    <ClInclude Include="moho\ai\IAiAttacker.h">
      <Filter>Header Files</Filter>
    </ClInclude>
    <ClInclude Include="moho\ai\IAiAttackerSerializer.h">
      <Filter>Header Files</Filter>
    </ClInclude>
    <ClInclude Include="moho\ai\IAiAttackerTypeInfo.h">
      <Filter>Header Files</Filter>
    </ClInclude>
    <ClInclude Include="moho\ai\IAiBuilder.h">
      <Filter>Header Files</Filter>
    </ClInclude>
    <ClInclude Include="moho\ai\IAiBuilderTypeInfo.h">
      <Filter>Header Files</Filter>
    </ClInclude>
    <ClInclude Include="moho\ai\IAiCommandDispatch.h">
      <Filter>Header Files</Filter>
    </ClInclude>
    <ClInclude Include="moho\ai\IAiCommandDispatchImpl.h">
      <Filter>Header Files</Filter>
    </ClInclude>
    <ClInclude Include="moho\ai\IAiCommandDispatchImplConstruct.h">
      <Filter>Header Files</Filter>
    </ClInclude>
    <ClInclude Include="moho\ai\IAiCommandDispatchImplSerializer.h">
      <Filter>Header Files</Filter>
    </ClInclude>
    <ClInclude Include="moho\ai\IAiCommandDispatchImplTypeInfo.h">
      <Filter>Header Files</Filter>
    </ClInclude>
    <ClInclude Include="moho\ai\IAiCommandDispatchTypeInfo.h">
      <Filter>Header Files</Filter>
    </ClInclude>
    <ClInclude Include="moho\ai\IAiFormationDB.h">
      <Filter>Header Files</Filter>
    </ClInclude>
    <ClInclude Include="moho\ai\IAiFormationDBTypeInfo.h">
      <Filter>Header Files</Filter>
    </ClInclude>
    <ClInclude Include="moho\ai\IAiNavigator.h">
      <Filter>Header Files</Filter>
    </ClInclude>
    <ClInclude Include="moho\ai\IAiNavigatorSerializer.h">
      <Filter>Header Files</Filter>
    </ClInclude>
    <ClInclude Include="moho\ai\IAiNavigatorTypeInfo.h">
      <Filter>Header Files</Filter>
    </ClInclude>
    <ClInclude Include="moho\ai\IAiReconDB.h">
      <Filter>Header Files</Filter>
    </ClInclude>
    <ClInclude Include="moho\ai\IAiReconDBTypeInfo.h">
      <Filter>Header Files</Filter>
    </ClInclude>
    <ClInclude Include="moho\ai\IAiSiloBuildTypeInfo.h">
      <Filter>Header Files</Filter>
    </ClInclude>
    <ClInclude Include="moho\ai\IAiSteering.h">
      <Filter>Header Files</Filter>
    </ClInclude>
    <ClInclude Include="moho\ai\IAiSteeringTypeInfo.h">
      <Filter>Header Files</Filter>
    </ClInclude>
    <ClInclude Include="moho\ai\IAiTransport.h">
      <Filter>Header Files</Filter>
    </ClInclude>
    <ClInclude Include="moho\ai\IAiTransportSerializer.h">
      <Filter>Header Files</Filter>
    </ClInclude>
    <ClInclude Include="moho\ai\IAiTransportTypeInfo.h">
      <Filter>Header Files</Filter>
    </ClInclude>
    <ClInclude Include="moho\ai\LAiAttackerImpl.h">
      <Filter>Header Files</Filter>
    </ClInclude>
    <ClInclude Include="moho\ai\LAiAttackerImplSerializer.h">
      <Filter>Header Files</Filter>
    </ClInclude>
    <ClInclude Include="moho\ai\LAiAttackerImplTypeInfo.h">
      <Filter>Header Files</Filter>
    </ClInclude>
    <ClInclude Include="moho\unit\core\IUnit.h">
      <Filter>Header Files</Filter>
    </ClInclude>
    <ClInclude Include="moho\unit\core\UserUnit.h">
      <Filter>Header Files</Filter>
    </ClInclude>
    <ClInclude Include="moho\unit\core\Unit.h">
      <Filter>Header Files</Filter>
    </ClInclude>
    <ClInclude Include="boost\weak_ptr.h">
      <Filter>Header Files</Filter>
    </ClInclude>
    <ClInclude Include="boost\sp_counted_base.h">
      <Filter>Header Files</Filter>
    </ClInclude>
    <ClInclude Include="moho\net\SNetPacket.h">
      <Filter>Header Files</Filter>
    </ClInclude>
    <ClInclude Include="legacy\containers\Deque.h">
      <Filter>Header Files</Filter>
    </ClInclude>
    <ClInclude Include="gpg\core\time\Timer.h">
      <Filter>Header Files</Filter>
    </ClInclude>
    <ClInclude Include="moho\net\INetNATTraversalProvider.h">
      <Filter>Header Files</Filter>
    </ClInclude>
    <ClInclude Include="moho\net\General.h">
      <Filter>Header Files</Filter>
    </ClInclude>
    <ClInclude Include="moho\net\CHostManager.h">
      <Filter>Header Files</Filter>
    </ClInclude>
    <ClInclude Include="gpg\core\streams\ZLibOutputFilterStream.h">
      <Filter>Header Files</Filter>
    </ClInclude>
    <ClInclude Include="gpg\core\algorithms\MD5.h">
      <Filter>Header Files</Filter>
    </ClInclude>
    <ClInclude Include="moho\vision\VisionDB.h">
      <Filter>Header Files</Filter>
    </ClInclude>
    <ClInclude Include="moho\net\ECmdStreamOp.h">
      <Filter>Header Files</Filter>
    </ClInclude>
    <ClInclude Include="boost\recursive_mutex.h">
      <Filter>Header Files</Filter>
    </ClInclude>
  </ItemGroup>
</Project>